
Microsoft Visual Studio Solution File, Format Version 12.00
# Visual Studio Version 16
VisualStudioVersion = 16.0.30907.101
MinimumVisualStudioVersion = 10.0.40219.1
Project("{159641D6-6404-4A2A-AE62-294DE0FE8301}") = "SSISProject", "SSISProject\SSISProject.dtproj", "{684F0F0B-35C0-493D-835A-69A575403EC0}"
EndProject
Global
	GlobalSection(SolutionConfigurationPlatforms) = preSolution
		Development|Default = Development|Default
	EndGlobalSection
	GlobalSection(ProjectConfigurationPlatforms) = postSolution
		{684F0F0B-35C0-493D-835A-69A575403EC0}.Development|Default.ActiveCfg = Development
		{684F0F0B-35C0-493D-835A-69A575403EC0}.Development|Default.Build.0 = Development
	EndGlobalSection
	GlobalSection(SolutionProperties) = preSolution
		HideSolutionNode = FALSE
	EndGlobalSection
	GlobalSection(ExtensibilityGlobals) = postSolution
		SolutionGuid = {110636D9-70D2-4DC7-8722-CACB890A2E0C}
	EndGlobalSection
EndGlobal
