
Microsoft Visual Studio Solution File, Format Version 12.00
# Visual Studio Version 16
VisualStudioVersion = 16.0.30523.141
MinimumVisualStudioVersion = 10.0.40219.1
Project("{D2ABAB84-BF74-430A-B69E-9DC6D40DDA17}") = "IM_SSAS", "IM_SSAS\IM_SSAS.dwproj", "{C7C954D8-3E1E-4CC0-BA51-977EDFE1A996}"
EndProject
Global
	GlobalSection(SolutionConfigurationPlatforms) = preSolution
		Development|Default = Development|Default
	EndGlobalSection
	GlobalSection(ProjectConfigurationPlatforms) = postSolution
		{C7C954D8-3E1E-4CC0-BA51-977EDFE1A996}.Development|Default.ActiveCfg = Development
		{C7C954D8-3E1E-4CC0-BA51-977EDFE1A996}.Development|Default.Build.0 = Development
		{C7C954D8-3E1E-4CC0-BA51-977EDFE1A996}.Development|Default.Deploy.0 = Development
	EndGlobalSection
	GlobalSection(SolutionProperties) = preSolution
		HideSolutionNode = FALSE
	EndGlobalSection
	GlobalSection(ExtensibilityGlobals) = postSolution
		SolutionGuid = {54532D58-FFD6-4A4C-9F96-749B4CE05811}
	EndGlobalSection
EndGlobal
